
Microsoft Visual Studio Solution File, Format Version 12.00
# Visual Studio 15
VisualStudioVersion = 15.0.28307.168
MinimumVisualStudioVersion = 10.0.40219.1
Project("{FAE04EC0-301F-11D3-BF4B-00C04F79EFBC}") = "C0732156-WEEK-04", "C0732156-WEEK-04\C0732156-WEEK-04.csproj", "{511275C9-9E2C-4EF6-89D8-077CF4F0B517}"
EndProject
Global
	GlobalSection(SolutionConfigurationPlatforms) = preSolution
		Debug|Any CPU = Debug|Any CPU
		Release|Any CPU = Release|Any CPU
	EndGlobalSection
	GlobalSection(ProjectConfigurationPlatforms) = postSolution
		{511275C9-9E2C-4EF6-89D8-077CF4F0B517}.Debug|Any CPU.ActiveCfg = Debug|Any CPU
		{511275C9-9E2C-4EF6-89D8-077CF4F0B517}.Debug|Any CPU.Build.0 = Debug|Any CPU
		{511275C9-9E2C-4EF6-89D8-077CF4F0B517}.Release|Any CPU.ActiveCfg = Release|Any CPU
		{511275C9-9E2C-4EF6-89D8-077CF4F0B517}.Release|Any CPU.Build.0 = Release|Any CPU
	EndGlobalSection
	GlobalSection(SolutionProperties) = preSolution
		HideSolutionNode = FALSE
	EndGlobalSection
	GlobalSection(ExtensibilityGlobals) = postSolution
		SolutionGuid = {E13AEE73-2154-4DE6-90D9-4DFCA44C2CD8}
	EndGlobalSection
EndGlobal
